Microsoft Visual Studio Solution File, Format Version 12.00
# Visual Studio Version 17
VisualStudioVersion = 17.5.2.0
MinimumVisualStudioVersion = 10.0.40219.1
Project("{FAE04EC0-301F-11D3-BF4B-00C04F79EFBC}") = "BarGunter.API", "BarGunter.API\BarGunter.API.csproj", "{B8534924-67AB-44C6-DA68-18A5A52B756F}"
EndProject
Project("{FAE04EC0-301F-11D3-BF4B-00C04F79EFBC}") = "BarGunter.Application", "BarGunter.Application\BarGunter.Application.csproj", "{906F29C1-2548-4C2F-A415-3600ED286159}"
EndProject
Project("{FAE04EC0-301F-11D3-BF4B-00C04F79EFBC}") = "BarGunter.Infrastructure", "BarGunter.Infrastructure\BarGunter.Infrastructure.csproj", "{64C28498-03D5-4E58-B952-EEF44627B492}"
EndProject
Project("{FAE04EC0-301F-11D3-BF4B-00C04F79EFBC}") = "BarGunter.Domain", "BarGunter.Domain\BarGunter.Domain.csproj", "{0F6C4AE2-8212-49AB-8D50-64AB20CC0FA0}"
EndProject
Global
	GlobalSection(SolutionConfigurationPlatforms) = preSolution
		Debug|Any CPU = Debug|Any CPU
		Release|Any CPU = Release|Any CPU
	EndGlobalSection
	GlobalSection(ProjectConfigurationPlatforms) = postSolution
		{B8534924-67AB-44C6-DA68-18A5A52B756F}.Debug|Any CPU.ActiveCfg = Debug|Any CPU
		{B8534924-67AB-44C6-DA68-18A5A52B756F}.Debug|Any CPU.Build.0 = Debug|Any CPU
		{B8534924-67AB-44C6-DA68-18A5A52B756F}.Release|Any CPU.ActiveCfg = Release|Any CPU
		{B8534924-67AB-44C6-DA68-18A5A52B756F}.Release|Any CPU.Build.0 = Release|Any CPU
		{906F29C1-2548-4C2F-A415-3600ED286159}.Debug|Any CPU.ActiveCfg = Debug|Any CPU
		{906F29C1-2548-4C2F-A415-3600ED286159}.Debug|Any CPU.Build.0 = Debug|Any CPU
		{906F29C1-2548-4C2F-A415-3600ED286159}.Release|Any CPU.ActiveCfg = Release|Any CPU
		{906F29C1-2548-4C2F-A415-3600ED286159}.Release|Any CPU.Build.0 = Release|Any CPU
		{64C28498-03D5-4E58-B952-EEF44627B492}.Debug|Any CPU.ActiveCfg = Debug|Any CPU
		{64C28498-03D5-4E58-B952-EEF44627B492}.Debug|Any CPU.Build.0 = Debug|Any CPU
		{64C28498-03D5-4E58-B952-EEF44627B492}.Release|Any CPU.ActiveCfg = Release|Any CPU
		{64C28498-03D5-4E58-B952-EEF44627B492}.Release|Any CPU.Build.0 = Release|Any CPU
		{0F6C4AE2-8212-49AB-8D50-64AB20CC0FA0}.Debug|Any CPU.ActiveCfg = Debug|Any CPU
		{0F6C4AE2-8212-49AB-8D50-64AB20CC0FA0}.Debug|Any CPU.Build.0 = Debug|Any CPU
		{0F6C4AE2-8212-49AB-8D50-64AB20CC0FA0}.Release|Any CPU.ActiveCfg = Release|Any CPU
		{0F6C4AE2-8212-49AB-8D50-64AB20CC0FA0}.Release|Any CPU.Build.0 = Release|Any CPU
	EndGlobalSection
	GlobalSection(SolutionProperties) = preSolution
		HideSolutionNode = FALSE
	EndGlobalSection
	GlobalSection(ExtensibilityGlobals) = postSolution
		SolutionGuid = {84E5BCF1-FF2B-46FF-BBE4-903AA74EC1D2}
	EndGlobalSection
EndGlobal
